
Microsoft Visual Studio Solution File, Format Version 11.00
# Visual Studio 2010
Project("{FAE04EC0-301F-11D3-BF4B-00C04F79EFBC}") = "Assembly-CSharp", "Assembly-CSharp.csproj", "{b82b5915-2894-ad74-cee0-2573c6e129fd}"
EndProject
Project("{FAE04EC0-301F-11D3-BF4B-00C04F79EFBC}") = "Assembly-CSharp-firstpass", "Assembly-CSharp-firstpass.csproj", "{4028ebc1-be97-61f3-b422-7930040d06cb}"
EndProject
Global
	GlobalSection(SolutionConfigurationPlatforms) = preSolution
		Debug|Any CPU = Debug|Any CPU
	EndGlobalSection
	GlobalSection(ProjectConfigurationPlatforms) = postSolution
		{b82b5915-2894-ad74-cee0-2573c6e129fd}.Debug|Any CPU.ActiveCfg = Debug|Any CPU
		{b82b5915-2894-ad74-cee0-2573c6e129fd}.Debug|Any CPU.Build.0 = Debug|Any CPU
		{4028ebc1-be97-61f3-b422-7930040d06cb}.Debug|Any CPU.ActiveCfg = Debug|Any CPU
		{4028ebc1-be97-61f3-b422-7930040d06cb}.Debug|Any CPU.Build.0 = Debug|Any CPU
	EndGlobalSection
	GlobalSection(SolutionProperties) = preSolution
		HideSolutionNode = FALSE
	EndGlobalSection
EndGlobal
